// !$*UTF8*$!
{
	archiveVersion = 1;
	classes = {
	};
	objectVersion = 46;
	objects = {

/* Begin PBXBuildFile section */
		550763E01D73349800B9BBA8 /* JALConstants.m in Sources */ = {isa = PBXBuildFile; fileRef = 550763DF1D73349800B9BBA8 /* JALConstants.m */; };
		550763ED1D733A0000B9BBA8 /* UIColor+JALCustom.m in Sources */ = {isa = PBXBuildFile; fileRef = 550763EC1D733A0000B9BBA8 /* UIColor+JALCustom.m */; };
		550763F01D738A7700B9BBA8 /* JALPoint.m in Sources */ = {isa = PBXBuildFile; fileRef = 550763EF1D738A7700B9BBA8 /* JALPoint.m */; };
		550763F21D73C11200B9BBA8 /* Main.storyboard in Resources */ = {isa = PBXBuildFile; fileRef = 550763F11D73C11200B9BBA8 /* Main.storyboard */; };
		5548FD9F1D72615000856D02 /* main.m in Sources */ = {isa = PBXBuildFile; fileRef = 5548FD9E1D72615000856D02 /* main.m */; };
		5548FDA21D72615000856D02 /* AppDelegate.m in Sources */ = {isa = PBXBuildFile; fileRef = 5548FDA11D72615000856D02 /* AppDelegate.m */; };
		5548FDAA1D72615000856D02 /* Assets.xcassets in Resources */ = {isa = PBXBuildFile; fileRef = 5548FDA91D72615000856D02 /* Assets.xcassets */; };
		5548FDAD1D72615000856D02 /* LaunchScreen.storyboard in Resources */ = {isa = PBXBuildFile; fileRef = 5548FDAB1D72615000856D02 /* LaunchScreen.storyboard */; };
		5548FDB81D72615000856D02 /* CirclePlayerTests.m in Sources */ = {isa = PBXBuildFile; fileRef = 5548FDB71D72615000856D02 /* CirclePlayerTests.m */; };
		5548FDC61D7261A800856D02 /* JALViewController.m in Sources */ = {isa = PBXBuildFile; fileRef = 5548FDC51D7261A800856D02 /* JALViewController.m */; };
		5548FDC91D7261C100856D02 /* JALCircleView.m in Sources */ = {isa = PBXBuildFile; fileRef = 5548FDC81D7261C100856D02 /* JALCircleView.m */; };
/* End PBXBuildFile section */

/* Begin PBXContainerItemProxy section */
		5548FDB41D72615000856D02 /* PBXContainerItemProxy */ = {
			isa = PBXContainerItemProxy;
			containerPortal = 5548FD921D72615000856D02 /* Project object */;
			proxyType = 1;
			remoteGlobalIDString = 5548FD991D72615000856D02;
			remoteInfo = CirclePlayer;
		};
/* End PBXContainerItemProxy section */

/* Begin PBXFileReference section */
		550763DE1D73349800B9BBA8 /* JALConstants.h */ = {isa = PBXFileReference; fileEncoding = 4; lastKnownFileType = sourcecode.c.h; name = JALConstants.h; path = Helpers/JALConstants.h; sourceTree = "<group>"; };
		550763DF1D73349800B9BBA8 /* JALConstants.m */ = {isa = PBXFileReference; fileEncoding = 4; lastKnownFileType = sourcecode.c.objc; name = JALConstants.m; path = Helpers/JALConstants.m; sourceTree = "<group>"; };
		550763EB1D733A0000B9BBA8 /* UIColor+JALCustom.h */ = {isa = PBXFileReference; fileEncoding = 4; lastKnownFileType = sourcecode.c.h; name = "UIColor+JALCustom.h"; path = "Helpers/UIColor+JALCustom.h"; sourceTree = "<group>"; };
		550763EC1D733A0000B9BBA8 /* UIColor+JALCustom.m */ = {isa = PBXFileReference; fileEncoding = 4; lastKnownFileType = sourcecode.c.objc; name = "UIColor+JALCustom.m"; path = "Helpers/UIColor+JALCustom.m"; sourceTree = "<group>"; };
		550763EE1D738A7700B9BBA8 /* JALPoint.h */ = {isa = PBXFileReference; fileEncoding = 4; lastKnownFileType = sourcecode.c.h; name = JALPoint.h; path = Helpers/JALPoint.h; sourceTree = "<group>"; };
		550763EF1D738A7700B9BBA8 /* JALPoint.m */ = {isa = PBXFileReference; fileEncoding = 4; lastKnownFileType = sourcecode.c.objc; name = JALPoint.m; path = Helpers/JALPoint.m; sourceTree = "<group>"; };
		550763F11D73C11200B9BBA8 /* Main.storyboard */ = {isa = PBXFileReference; fileEncoding = 4; lastKnownFileType = file.storyboard; path = Main.storyboard; sourceTree = "<group>"; };
		5548FD9A1D72615000856D02 /* CirclePlayer.app */ = {isa = PBXFileReference; explicitFileType = wrapper.application; includeInIndex = 0; path = CirclePlayer.app; sourceTree = BUILT_PRODUCTS_DIR; };
		5548FD9E1D72615000856D02 /* main.m */ = {isa = PBXFileReference; lastKnownFileType = sourcecode.c.objc; path = main.m; sourceTree = "<group>"; };
		5548FDA01D72615000856D02 /* AppDelegate.h */ = {isa = PBXFileReference; lastKnownFileType = sourcecode.c.h; path = AppDelegate.h; sourceTree = "<group>"; };
		5548FDA11D72615000856D02 /* AppDelegate.m */ = {isa = PBXFileReference; lastKnownFileType = sourcecode.c.objc; path = AppDelegate.m; sourceTree = "<group>"; };
		5548FDA91D72615000856D02 /* Assets.xcassets */ = {isa = PBXFileReference; lastKnownFileType = folder.assetcatalog; path = Assets.xcassets; sourceTree = "<group>"; };
		5548FDAC1D72615000856D02 /* Base */ = {isa = PBXFileReference; lastKnownFileType = file.storyboard; name = Base; path = Base.lproj/LaunchScreen.storyboard; sourceTree = "<group>"; };
		5548FDAE1D72615000856D02 /* Info.plist */ = {isa = PBXFileReference; lastKnownFileType = text.plist.xml; path = Info.plist; sourceTree = "<group>"; };
		5548FDB31D72615000856D02 /* CirclePlayerTests.xctest */ = {isa = PBXFileReference; explicitFileType = wrapper.cfbundle; includeInIndex = 0; path = CirclePlayerTests.xctest; sourceTree = BUILT_PRODUCTS_DIR; };
		5548FDB71D72615000856D02 /* CirclePlayerTests.m */ = {isa = PBXFileReference; lastKnownFileType = sourcecode.c.objc; path = CirclePlayerTests.m; sourceTree = "<group>"; };
		5548FDB91D72615000856D02 /* Info.plist */ = {isa = PBXFileReference; lastKnownFileType = text.plist.xml; path = Info.plist; sourceTree = "<group>"; };
		5548FDC41D7261A800856D02 /* JALViewController.h */ = {isa = PBXFileReference; fileEncoding = 4; lastKnownFileType = sourcecode.c.h; name = JALViewController.h; path = ViewControllers/JALViewController.h; sourceTree = "<group>"; };
		5548FDC51D7261A800856D02 /* JALViewController.m */ = {isa = PBXFileReference; fileEncoding = 4; lastKnownFileType = sourcecode.c.objc; name = JALViewController.m; path = ViewControllers/JALViewController.m; sourceTree = "<group>"; };
		5548FDC71D7261C100856D02 /* JALCircleView.h */ = {isa = PBXFileReference; fileEncoding = 4; lastKnownFileType = sourcecode.c.h; name = JALCircleView.h; path = Views/JALCircleView.h; sourceTree = "<group>"; };
		5548FDC81D7261C100856D02 /* JALCircleView.m */ = {isa = PBXFileReference; fileEncoding = 4; lastKnownFileType = sourcecode.c.objc; name = JALCircleView.m; path = Views/JALCircleView.m; sourceTree = "<group>"; };
/* End PBXFileReference section */

/* Begin PBXFrameworksBuildPhase section */
		5548FD971D72615000856D02 /* Frameworks */ = {
			isa = PBXFrameworksBuildPhase;
			buildActionMask = 2147483647;
			files = (
			);
			runOnlyForDeploymentPostprocessing = 0;
		};
		5548FDB01D72615000856D02 /* Frameworks */ = {
			isa = PBXFrameworksBuildPhase;
			buildActionMask = 2147483647;
			files = (
			);
			runOnlyForDeploymentPostprocessing = 0;
		};
/* End PBXFrameworksBuildPhase section */

/* Begin PBXGroup section */
		550763DD1D73347200B9BBA8 /* Helpers */ = {
			isa = PBXGroup;
			children = (
				550763DE1D73349800B9BBA8 /* JALConstants.h */,
				550763DF1D73349800B9BBA8 /* JALConstants.m */,
				550763EB1D733A0000B9BBA8 /* UIColor+JALCustom.h */,
				550763EC1D733A0000B9BBA8 /* UIColor+JALCustom.m */,
				550763EE1D738A7700B9BBA8 /* JALPoint.h */,
				550763EF1D738A7700B9BBA8 /* JALPoint.m */,
			);
			name = Helpers;
			sourceTree = "<group>";
		};
		5548FD911D72615000856D02 = {
			isa = PBXGroup;
			children = (
				5548FD9C1D72615000856D02 /* CirclePlayer */,
				5548FDB61D72615000856D02 /* CirclePlayerTests */,
				5548FD9B1D72615000856D02 /* Products */,
			);
			sourceTree = "<group>";
		};
		5548FD9B1D72615000856D02 /* Products */ = {
			isa = PBXGroup;
			children = (
				5548FD9A1D72615000856D02 /* CirclePlayer.app */,
				5548FDB31D72615000856D02 /* CirclePlayerTests.xctest */,
			);
			name = Products;
			sourceTree = "<group>";
		};
		5548FD9C1D72615000856D02 /* CirclePlayer */ = {
			isa = PBXGroup;
			children = (
				550763DD1D73347200B9BBA8 /* Helpers */,
				5548FDC31D72618E00856D02 /* Views */,
				5548FDC21D72618600856D02 /* ViewControllers */,
				5548FDA01D72615000856D02 /* AppDelegate.h */,
				5548FDA11D72615000856D02 /* AppDelegate.m */,
				5548FDA91D72615000856D02 /* Assets.xcassets */,
				5548FDAB1D72615000856D02 /* LaunchScreen.storyboard */,
				5548FDAE1D72615000856D02 /* Info.plist */,
				5548FD9D1D72615000856D02 /* Supporting Files */,
				550763F11D73C11200B9BBA8 /* Main.storyboard */,
			);
			path = CirclePlayer;
			sourceTree = "<group>";
		};
		5548FD9D1D72615000856D02 /* Supporting Files */ = {
			isa = PBXGroup;
			children = (
				5548FD9E1D72615000856D02 /* main.m */,
			);
			name = "Supporting Files";
			sourceTree = "<group>";
		};
		5548FDB61D72615000856D02 /* CirclePlayerTests */ = {
			isa = PBXGroup;
			children = (
				5548FDB71D72615000856D02 /* CirclePlayerTests.m */,
				5548FDB91D72615000856D02 /* Info.plist */,
			);
			path = CirclePlayerTests;
			sourceTree = "<group>";
		};
		5548FDC21D72618600856D02 /* ViewControllers */ = {
			isa = PBXGroup;
			children = (
				5548FDC41D7261A800856D02 /* JALViewController.h */,
				5548FDC51D7261A800856D02 /* JALViewController.m */,
			);
			name = ViewControllers;
			sourceTree = "<group>";
		};
		5548FDC31D72618E00856D02 /* Views */ = {
			isa = PBXGroup;
			children = (
				5548FDC71D7261C100856D02 /* JALCircleView.h */,
				5548FDC81D7261C100856D02 /* JALCircleView.m */,
			);
			name = Views;
			sourceTree = "<group>";
		};
/* End PBXGroup section */

/* Begin PBXNativeTarget section */
		5548FD991D72615000856D02 /* CirclePlayer */ = {
			isa = PBXNativeTarget;
			buildConfigurationList = 5548FDBC1D72615000856D02 /* Build configuration list for PBXNativeTarget "CirclePlayer" */;
			buildPhases = (
				5548FD961D72615000856D02 /* Sources */,
				5548FD971D72615000856D02 /* Frameworks */,
				5548FD981D72615000856D02 /* Resources */,
			);
			buildRules = (
			);
			dependencies = (
			);
			name = CirclePlayer;
			productName = CirclePlayer;
			productReference = 5548FD9A1D72615000856D02 /* CirclePlayer.app */;
			productType = "com.apple.product-type.application";
		};
		5548FDB21D72615000856D02 /* CirclePlayerTests */ = {
			isa = PBXNativeTarget;
			buildConfigurationList = 5548FDBF1D72615000856D02 /* Build configuration list for PBXNativeTarget "CirclePlayerTests" */;
			buildPhases = (
				5548FDAF1D72615000856D02 /* Sources */,
				5548FDB01D72615000856D02 /* Frameworks */,
				5548FDB11D72615000856D02 /* Resources */,
			);
			buildRules = (
			);
			dependencies = (
				5548FDB51D72615000856D02 /* PBXTargetDependency */,
			);
			name = CirclePlayerTests;
			productName = CirclePlayerTests;
			productReference = 5548FDB31D72615000856D02 /* CirclePlayerTests.xctest */;
			productType = "com.apple.product-type.bundle.unit-test";
		};
/* End PBXNativeTarget section */

/* Begin PBXProject section */
		5548FD921D72615000856D02 /* Project object */ = {
			isa = PBXProject;
			attributes = {
				CLASSPREFIX = JAL;
				LastUpgradeCheck = 0730;
				ORGANIZATIONNAME = "Jason Lew";
				TargetAttributes = {
					5548FD991D72615000856D02 = {
						CreatedOnToolsVersion = 7.3.1;
					};
					5548FDB21D72615000856D02 = {
						CreatedOnToolsVersion = 7.3.1;
						TestTargetID = 5548FD991D72615000856D02;
					};
				};
			};
			buildConfigurationList = 5548FD951D72615000856D02 /* Build configuration list for PBXProject "CirclePlayer" */;
			compatibilityVersion = "Xcode 3.2";
			developmentRegion = English;
			hasScannedForEncodings = 0;
			knownRegions = (
				en,
				Base,
			);
			mainGroup = 5548FD911D72615000856D02;
			productRefGroup = 5548FD9B1D72615000856D02 /* Products */;
			projectDirPath = "";
			projectRoot = "";
			targets = (
				5548FD991D72615000856D02 /* CirclePlayer */,
				5548FDB21D72615000856D02 /* CirclePlayerTests */,
			);
		};
/* End PBXProject section */

/* Begin PBXResourcesBuildPhase section */
		5548FD981D72615000856D02 /* Resources */ = {
			isa = PBXResourcesBuildPhase;
			buildActionMask = 2147483647;
			files = (
				550763F21D73C11200B9BBA8 /* Main.storyboard in Resources */,
				5548FDAD1D72615000856D02 /* LaunchScreen.storyboard in Resources */,
				5548FDAA1D72615000856D02 /* Assets.xcassets in Resources */,
			);
			runOnlyForDeploymentPostprocessing = 0;
		};
		5548FDB11D72615000856D02 /* Resources */ = {
			isa = PBXResourcesBuildPhase;
			buildActionMask = 2147483647;
			files = (
			);
			runOnlyForDeploymentPostprocessing = 0;
		};
/* End PBXResourcesBuildPhase section */

/* Begin PBXSourcesBuildPhase section */
		5548FD961D72615000856D02 /* Sources */ = {
			isa = PBXSourcesBuildPhase;
			buildActionMask = 2147483647;
			files = (
				550763ED1D733A0000B9BBA8 /* UIColor+JALCustom.m in Sources */,
				5548FDA21D72615000856D02 /* AppDelegate.m in Sources */,
				5548FDC61D7261A800856D02 /* JALViewController.m in Sources */,
				5548FDC91D7261C100856D02 /* JALCircleView.m in Sources */,
				550763F01D738A7700B9BBA8 /* JALPoint.m in Sources */,
				5548FD9F1D72615000856D02 /* main.m in Sources */,
				550763E01D73349800B9BBA8 /* JALConstants.m in Sources */,
			);
			runOnlyForDeploymentPostprocessing = 0;
		};
		5548FDAF1D72615000856D02 /* Sources */ = {
			isa = PBXSourcesBuildPhase;
			buildActionMask = 2147483647;
			files = (
				5548FDB81D72615000856D02 /* CirclePlayerTests.m in Sources */,
			);
			runOnlyForDeploymentPostprocessing = 0;
		};
/* End PBXSourcesBuildPhase section */

/* Begin PBXTargetDependency section */
		5548FDB51D72615000856D02 /* PBXTargetDependency */ = {
			isa = PBXTargetDependency;
			target = 5548FD991D72615000856D02 /* CirclePlayer */;
			targetProxy = 5548FDB41D72615000856D02 /* PBXContainerItemProxy */;
		};
/* End PBXTargetDependency section */

/* Begin PBXVariantGroup section */
		5548FDAB1D72615000856D02 /* LaunchScreen.storyboard */ = {
			isa = PBXVariantGroup;
			children = (
				5548FDAC1D72615000856D02 /* Base */,
			);
			name = LaunchScreen.storyboard;
			sourceTree = "<group>";
		};
/* End PBXVariantGroup section */

/* Begin XCBuildConfiguration section */
		5548FDBA1D72615000856D02 /* Debug */ = {
			isa = XCBuildConfiguration;
			buildSettings = {
				ALWAYS_SEARCH_USER_PATHS = NO;
				CLANG_ANALYZER_NONNULL = YES;
				CLANG_CXX_LANGUAGE_STANDARD = "gnu++0x";
				CLANG_CXX_LIBRARY = "libc++";
				CLANG_ENABLE_MODULES = YES;
				CLANG_ENABLE_OBJC_ARC = YES;
				CLANG_WARN_BOOL_CONVERSION = YES;
				CLANG_WARN_CONSTANT_CONVERSION = YES;
				CLANG_WARN_DIRECT_OBJC_ISA_USAGE = YES_ERROR;
				CLANG_WARN_EMPTY_BODY = YES;
				CLANG_WARN_ENUM_CONVERSION = YES;
				CLANG_WARN_INT_CONVERSION = YES;
				CLANG_WARN_OBJC_ROOT_CLASS = YES_ERROR;
				CLANG_WARN_UNREACHABLE_CODE = YES;
				CLANG_WARN__DUPLICATE_METHOD_MATCH = YES;
				"CODE_SIGN_IDENTITY[sdk=iphoneos*]" = "iPhone Developer";
				COPY_PHASE_STRIP = NO;
				DEBUG_INFORMATION_FORMAT = dwarf;
				ENABLE_STRICT_OBJC_MSGSEND = YES;
				ENABLE_TESTABILITY = YES;
				GCC_C_LANGUAGE_STANDARD = gnu99;
				GCC_DYNAMIC_NO_PIC = NO;
				GCC_NO_COMMON_BLOCKS = YES;
				GCC_OPTIMIZATION_LEVEL = 0;
				GCC_PREPROCESSOR_DEFINITIONS = (
					"DEBUG=1",
					"$(inherited)",
				);
				GCC_WARN_64_TO_32_BIT_CONVERSION = YES;
				GCC_WARN_ABOUT_RETURN_TYPE = YES_ERROR;
				GCC_WARN_UNDECLARED_SELECTOR = YES;
				GCC_WARN_UNINITIALIZED_AUTOS = YES_AGGRESSIVE;
				GCC_WARN_UNUSED_FUNCTION = YES;
				GCC_WARN_UNUSED_VARIABLE = YES;
				IPHONEOS_DEPLOYMENT_TARGET = 9.3;
				MTL_ENABLE_DEBUG_INFO = YES;
				ONLY_ACTIVE_ARCH = YES;
				SDKROOT = iphoneos;
			};
			name = Debug;
		};
		5548FDBB1D72615000856D02 /* Release */ = {
			isa = XCBuildConfiguration;
			buildSettings = {
				ALWAYS_SEARCH_USER_PATHS = NO;
				CLANG_ANALYZER_NONNULL = YES;
				CLANG_CXX_LANGUAGE_STANDARD = "gnu++0x";
				CLANG_CXX_LIBRARY = "libc++";
				CLANG_ENABLE_MODULES = YES;
				CLANG_ENABLE_OBJC_ARC = YES;
				CLANG_WARN_BOOL_CONVERSION = YES;
				CLANG_WARN_CONSTANT_CONVERSION = YES;
				CLANG_WARN_DIRECT_OBJC_ISA_USAGE = YES_ERROR;
				CLANG_WARN_EMPTY_BODY = YES;
				CLANG_WARN_ENUM_CONVERSION = YES;
				CLANG_WARN_INT_CONVERSION = YES;
				CLANG_WARN_OBJC_ROOT_CLASS = YES_ERROR;
				CLANG_WARN_UNREACHABLE_CODE = YES;
				CLANG_WARN__DUPLICATE_METHOD_MATCH = YES;
				"CODE_SIGN_IDENTITY[sdk=iphoneos*]" = "iPhone Developer";
				COPY_PHASE_STRIP = NO;
				DEBUG_INFORMATION_FORMAT = "dwarf-with-dsym";
				ENABLE_NS_ASSERTIONS = NO;
				ENABLE_STRICT_OBJC_MSGSEND = YES;
				GCC_C_LANGUAGE_STANDARD = gnu99;
				GCC_NO_COMMON_BLOCKS = YES;
				GCC_WARN_64_TO_32_BIT_CONVERSION = YES;
				GCC_WARN_ABOUT_RETURN_TYPE = YES_ERROR;
				GCC_WARN_UNDECLARED_SELECTOR = YES;
				GCC_WARN_UNINITIALIZED_AUTOS = YES_AGGRESSIVE;
				GCC_WARN_UNUSED_FUNCTION = YES;
				GCC_WARN_UNUSED_VARIABLE = YES;
				IPHONEOS_DEPLOYMENT_TARGET = 9.3;
				MTL_ENABLE_DEBUG_INFO = NO;
				SDKROOT = iphoneos;
				VALIDATE_PRODUCT = YES;
			};
			name = Release;
		};
		5548FDBD1D72615000856D02 /* Debug */ = {
			isa = XCBuildConfiguration;
			buildSettings = {
				ASSETCATALOG_COMPILER_APPICON_NAME = AppIcon;
				INFOPLIST_FILE = CirclePlayer/Info.plist;
				LD_RUNPATH_SEARCH_PATHS = "$(inherited) @executable_path/Frameworks";
				PRODUCT_BUNDLE_IDENTIFIER = co.jlew.CirclePlayer;
				PRODUCT_NAME = "$(TARGET_NAME)";
			};
			name = Debug;
		};
		5548FDBE1D72615000856D02 /* Release */ = {
			isa = XCBuildConfiguration;
			buildSettings = {
				ASSETCATALOG_COMPILER_APPICON_NAME = AppIcon;
				INFOPLIST_FILE = CirclePlayer/Info.plist;
				LD_RUNPATH_SEARCH_PATHS = "$(inherited) @executable_path/Frameworks";
				PRODUCT_BUNDLE_IDENTIFIER = co.jlew.CirclePlayer;
				PRODUCT_NAME = "$(TARGET_NAME)";
			};
			name = Release;
		};
		5548FDC01D72615000856D02 /* Debug */ = {
			isa = XCBuildConfiguration;
			buildSettings = {
				BUNDLE_LOADER = "$(TEST_HOST)";
				INFOPLIST_FILE = CirclePlayerTests/Info.plist;
				LD_RUNPATH_SEARCH_PATHS = "$(inherited) @executable_path/Frameworks @loader_path/Frameworks";
				PRODUCT_BUNDLE_IDENTIFIER = co.jlew.CirclePlayerTests;
				PRODUCT_NAME = "$(TARGET_NAME)";
				TEST_HOST = "$(BUILT_PRODUCTS_DIR)/CirclePlayer.app/CirclePlayer";
			};
			name = Debug;
		};
		5548FDC11D72615000856D02 /* Release */ = {
			isa = XCBuildConfiguration;
			buildSettings = {
				BUNDLE_LOADER = "$(TEST_HOST)";
				INFOPLIST_FILE = CirclePlayerTests/Info.plist;
				LD_RUNPATH_SEARCH_PATHS = "$(inherited) @executable_path/Frameworks @loader_path/Frameworks";
				PRODUCT_BUNDLE_IDENTIFIER = co.jlew.CirclePlayerTests;
				PRODUCT_NAME = "$(TARGET_NAME)";
				TEST_HOST = "$(BUILT_PRODUCTS_DIR)/CirclePlayer.app/CirclePlayer";
			};
			name = Release;
		};
/* End XCBuildConfiguration section */

/* Begin XCConfigurationList section */
		5548FD951D72615000856D02 /* Build configuration list for PBXProject "CirclePlayer" */ = {
			isa = XCConfigurationList;
			buildConfigurations = (
				5548FDBA1D72615000856D02 /* Debug */,
				5548FDBB1D72615000856D02 /* Release */,
			);
			defaultConfigurationIsVisible = 0;
			defaultConfigurationName = Release;
		};
		5548FDBC1D72615000856D02 /* Build configuration list for PBXNativeTarget "CirclePlayer" */ = {
			isa = XCConfigurationList;
			buildConfigurations = (
				5548FDBD1D72615000856D02 /* Debug */,
				5548FDBE1D72615000856D02 /* Release */,
			);
			defaultConfigurationIsVisible = 0;
			defaultConfigurationName = Release;
		};
		5548FDBF1D72615000856D02 /* Build configuration list for PBXNativeTarget "CirclePlayerTests" */ = {
			isa = XCConfigurationList;
			buildConfigurations = (
				5548FDC01D72615000856D02 /* Debug */,
				5548FDC11D72615000856D02 /* Release */,
			);
			defaultConfigurationIsVisible = 0;
			defaultConfigurationName = Release;
		};
/* End XCConfigurationList section */
	};
	rootObject = 5548FD921D72615000856D02 /* Project object */;
}
